{
  "name": "@man0j/medium-common",
  "version": "1.0.3",
  "lockfileVersion": 3,
  "requires": true,
  "packages": {
    "": {
      "name": "@man0j/medium-common",
      "version": "1.0.3",
      "license": "ISC",
      "dependencies": {
        "@man0j/medium-common": "^1.0.3",
        "zod": "^3.23.8"
      }
    },
    "node_modules/@man0j/medium-common": {
      "version": "1.0.3",
      "resolved": "https://registry.npmjs.org/@man0j/medium-common/-/medium-common-1.0.3.tgz",
      "integrity": "sha512-b+bUW8XR60ms6GADa2s2u3pkQVbj3mgUZNstuD4urECIlR9Xrdd36/7mRbcNDSmLm0qIvNZqVnS1l7ysbCKcNg==",
      "dependencies": {
        "zod": "^3.23.8"
      }
    },
    "node_modules/zod": {
      "version": "3.23.8",
      "resolved": "https://registry.npmjs.org/zod/-/zod-3.23.8.tgz",
      "integrity": "sha512-XBx9AXhXktjUqnepgTiE5flcKIYWi/rme0Eaj+5Y0lftuGBq+jyRu/md4WnuxqgP1ubdpNCsYEYPxrzVHD8d6g==",
      "funding": {
        "url": "https://github.com/sponsors/colinhacks"
      }
    }
  }
}
